{
    "name": "splitbackend",
    "lockfileVersion": 3,
    "requires": true,
    "packages": {
        "": {
            "dependencies": {
                "highs": "^1.0.1"
            }
        },
        "node_modules/highs": {
            "version": "1.0.1",
            "resolved": "https://registry.npmjs.org/highs/-/highs-1.0.1.tgz",
            "integrity": "sha512-RwVukT+x/BFAoSaIo8FP9zsTqSXfpdrY5MupQvBbSv4Umx79FkFrnHjcfMhy624YiBAI17GVPwNp4qpHNMAhbA=="
        }
    }
}
